
Microsoft Visual Studio Solution File, Format Version 12.00
# Visual Studio Version 16
VisualStudioVersion = 16.0.29519.87
MinimumVisualStudioVersion = 10.0.40219.1
Project("{FAE04EC0-301F-11D3-BF4B-00C04F79EFBC}") = "InsBook", "InsBook\InsBook.csproj", "{3C98B108-17A2-4076-BB20-920E51E2EBB1}"
EndProject
Project("{FAE04EC0-301F-11D3-BF4B-00C04F79EFBC}") = "Model", "Model\Model.csproj", "{D4BCF9C8-1AA4-42A3-A0DC-2284935587CA}"
EndProject
Global
	GlobalSection(SolutionConfigurationPlatforms) = preSolution
		Debug|Any CPU = Debug|Any CPU
		Release|Any CPU = Release|Any CPU
	EndGlobalSection
	GlobalSection(ProjectConfigurationPlatforms) = postSolution
		{3C98B108-17A2-4076-BB20-920E51E2EBB1}.Debug|Any CPU.ActiveCfg = Debug|Any CPU
		{3C98B108-17A2-4076-BB20-920E51E2EBB1}.Debug|Any CPU.Build.0 = Debug|Any CPU
		{3C98B108-17A2-4076-BB20-920E51E2EBB1}.Release|Any CPU.ActiveCfg = Release|Any CPU
		{3C98B108-17A2-4076-BB20-920E51E2EBB1}.Release|Any CPU.Build.0 = Release|Any CPU
		{D4BCF9C8-1AA4-42A3-A0DC-2284935587CA}.Debug|Any CPU.ActiveCfg = Debug|Any CPU
		{D4BCF9C8-1AA4-42A3-A0DC-2284935587CA}.Debug|Any CPU.Build.0 = Debug|Any CPU
		{D4BCF9C8-1AA4-42A3-A0DC-2284935587CA}.Release|Any CPU.ActiveCfg = Release|Any CPU
		{D4BCF9C8-1AA4-42A3-A0DC-2284935587CA}.Release|Any CPU.Build.0 = Release|Any CPU
	EndGlobalSection
	GlobalSection(SolutionProperties) = preSolution
		HideSolutionNode = FALSE
	EndGlobalSection
	GlobalSection(ExtensibilityGlobals) = postSolution
		SolutionGuid = {450ACA6D-8961-4A22-AC1E-103250E582AA}
	EndGlobalSection
EndGlobal
